
Microsoft Visual Studio Solution File, Format Version 12.00
# Visual Studio Version 16
VisualStudioVersion = 25.0.1705.2
MinimumVisualStudioVersion = 10.0.40219.1
Project("{FAE04EC0-301F-11D3-BF4B-00C04F79EFBC}") = "Shopping.Client", "Shopping.Client\Shopping.Client.csproj", "{E91FFD92-1BED-4E3C-9675-997F65544729}"
EndProject
Project("{E53339B2-1760-4266-BCC7-CA923CBCF16C}") = "docker-compose", "docker-compose.dcproj", "{F179264D-403F-4397-A886-EE8591BFA1BB}"
EndProject
Project("{FAE04EC0-301F-11D3-BF4B-00C04F79EFBC}") = "Shopping.API", "Shopping.API\Shopping.API.csproj", "{B55842C2-35B8-47ED-A4AA-9ADC4FD3E045}"
EndProject
Global
	GlobalSection(SolutionConfigurationPlatforms) = preSolution
		Debug|Any CPU = Debug|Any CPU
		Release|Any CPU = Release|Any CPU
	EndGlobalSection
	GlobalSection(ProjectConfigurationPlatforms) = postSolution
		{E91FFD92-1BED-4E3C-9675-997F65544729}.Debug|Any CPU.ActiveCfg = Debug|Any CPU
		{E91FFD92-1BED-4E3C-9675-997F65544729}.Debug|Any CPU.Build.0 = Debug|Any CPU
		{E91FFD92-1BED-4E3C-9675-997F65544729}.Release|Any CPU.ActiveCfg = Release|Any CPU
		{E91FFD92-1BED-4E3C-9675-997F65544729}.Release|Any CPU.Build.0 = Release|Any CPU
		{F179264D-403F-4397-A886-EE8591BFA1BB}.Debug|Any CPU.ActiveCfg = Debug|Any CPU
		{F179264D-403F-4397-A886-EE8591BFA1BB}.Debug|Any CPU.Build.0 = Debug|Any CPU
		{F179264D-403F-4397-A886-EE8591BFA1BB}.Release|Any CPU.ActiveCfg = Release|Any CPU
		{F179264D-403F-4397-A886-EE8591BFA1BB}.Release|Any CPU.Build.0 = Release|Any CPU
		{B55842C2-35B8-47ED-A4AA-9ADC4FD3E045}.Debug|Any CPU.ActiveCfg = Debug|Any CPU
		{B55842C2-35B8-47ED-A4AA-9ADC4FD3E045}.Debug|Any CPU.Build.0 = Debug|Any CPU
		{B55842C2-35B8-47ED-A4AA-9ADC4FD3E045}.Release|Any CPU.ActiveCfg = Release|Any CPU
		{B55842C2-35B8-47ED-A4AA-9ADC4FD3E045}.Release|Any CPU.Build.0 = Release|Any CPU
	EndGlobalSection
	GlobalSection(SolutionProperties) = preSolution
		HideSolutionNode = FALSE
	EndGlobalSection
	GlobalSection(ExtensibilityGlobals) = postSolution
		SolutionGuid = {6DA580F1-87BC-4735-A77B-500E2FB3676C}
	EndGlobalSection
EndGlobal
